{
    "_readme": [
        "This file locks the dependencies of your project to a known state",
        "Read more about it at http://getcomposer.org/doc/01-basic-usage.md#composer-lock-the-lock-file",
        "This file is @generated automatically"
    ],
    "hash": "784de6f8b2268f02c8db9ee03cb89e42",
    "packages": [
        {
            "name": "fwlib/fwlib",
            "version": "dev-master",
            "source": {
                "type": "git",
                "url": "https://github.com/fwolf/fwlib.git",
                "reference": "e1e32cb96e409adcbe4c7c3d33b6107098c267c4"
            },
            "dist": {
                "type": "zip",
                "url": "https://api.github.com/repos/fwolf/fwlib/zipball/e1e32cb96e409adcbe4c7c3d33b6107098c267c4",
                "reference": "e1e32cb96e409adcbe4c7c3d33b6107098c267c4",
                "shasum": ""
            },
            "require": {
                "php": ">=5.5.0"
            },
            "require-dev": {
                "fwolf/phpunit-wrapper": "1.*",
                "mikey179/vfsstream": "1.*",
                "php-mock/php-mock": "^0.7",
                "phpunit/phpunit": "4.*"
            },
            "type": "library",
            "autoload": {
                "psr-4": {
                    "Fwlib\\": "src/Fwlib/"
                }
            },
            "notification-url": "https://packagist.org/downloads/",
            "license": [
                "LGPL-3.0+"
            ],
            "authors": [
                {
                    "name": "Fwolf",
                    "email": "fwolf.aide+Fwlib@gmail.com"
                }
            ],
            "description": "Common PHP library",
            "keywords": [
                "fwlib",
                "lib"
            ],
            "time": "2015-04-07 09:01:32"
        },
        {
            "name": "fwolf/coding-client",
            "version": "v0.2",
            "source": {
                "type": "git",
                "url": "https://github.com/fwolf/coding-client-php.git",
                "reference": "36b225aacc0ddd80177de477227c22a68f7682ad"
            },
            "dist": {
                "type": "zip",
                "url": "https://api.github.com/repos/fwolf/coding-client-php/zipball/36b225aacc0ddd80177de477227c22a68f7682ad",
                "reference": "36b225aacc0ddd80177de477227c22a68f7682ad",
                "shasum": ""
            },
            "require": {
                "fwlib/fwlib": "dev-master",
                "php": ">=5.5.0"
            },
            "require-dev": {
                "fwolf/phpunit-wrapper": "^1.0",
                "phpunit/phpunit": "4.*"
            },
            "type": "library",
            "autoload": {
                "psr-4": {
                    "Fwolf\\Client\\Coding\\": "src/CodingClient/"
                }
            },
            "notification-url": "https://packagist.org/downloads/",
            "license": [
                "MIT"
            ],
            "authors": [
                {
                    "name": "Fwolf",
                    "email": "fwolf.aide+coding-client@gmail.com"
                }
            ],
            "description": "PHP Client of Coding.net",
            "time": "2015-04-07 09:14:58"
        }
    ],
    "packages-dev": [],
    "aliases": [],
    "minimum-stability": "stable",
    "stability-flags": {
        "fwlib/fwlib": 20
    },
    "prefer-stable": false,
    "prefer-lowest": false,
    "platform": {
        "php": ">=5.5"
    },
    "platform-dev": []
}
